{
  "name": "@cala/api-types",
  "version": "X.X.X",
  "lockfileVersion": 1,
  "requires": true,
  "dependencies": {
    "zod": {
      "version": "3.7.1",
      "resolved": "https://registry.npmjs.org/zod/-/zod-3.7.1.tgz",
      "integrity": "sha512-9TRjeMKz3xFUOl/CYhBmp/hCrMhk5U6qRnfy9q+HwmQPbMYp3qnM+/cPst+wzHQjfSBjHDYZq7S7TQnlAjqjFg=="
    }
  }
}
